github.com/google/hilbert v0.0.0-20181122061418-320f2e35a565 h1:KBAlCAY6eLC44FiEwbzEbHnpVlw15iVM4ZK8QpRIp4U=
github.com/google/hilbert v0.0.0-20181122061418-320f2e35a565/go.mod h1:xn6EodFfRzV6j8NXQRPjngeHWlrpOrsZPKuuLRThU1k=
github.com/lucasb-eyer/go-colorful v1.2.0 h1:1nnpGOrhyZZuNyfu1QjKiUICQ74+3FNCN69Aj6K7nkY=
github.com/lucasb-eyer/go-colorful v1.2.0/go.mod h1:R4dSotOR9KMtayYi1e77YzuveK+i7ruzyGqttikkLy0=
github.com/mazznoer/colorgrad v0.9.1 h1:MB80JYVndKWSMEM1beNqnuOowWGhoQc3DXWXkFp6JlM=
github.com/mazznoer/colorgrad v0.9.1/go.mod h1:WX2R9wt9B47+txJZVVpM9LY+LAGIdi4lTI5wIyreDH4=
github.com/mazznoer/csscolorparser v0.1.2 h1:/UBHuQg792ePmGFzTQAC9u+XbFr7/HzP/Gj70Phyz2A=
github.com/mazznoer/csscolorparser v0.1.2/go.mod h1:Aj22+L/rYN/Y6bj3bYqO3N6g1dtdHtGfQ32xZ5PJQic=
golang.org/x/image v0.14.0 h1:tNgSxAFe3jC4uYqvZdTr84SZoM1KfwdC9SKIFrLjFn4=
golang.org/x/image v0.14.0/go.mod h1:HUYqC05R2ZcZ3ejNQsIHQDQiwWM4JBqmm6MKANTp4LE=
